<?xml version="1.0" encoding="utf-8"?>
<Project ToolsVersion="4.0" xmlns="http://schemas.microsoft.com/developer/msbuild/2003">
  <ItemGroup>
    <ClCompile Include="dllmain.c" />
    <ClCompile Include="proxydll.c">
      <Filter>common</Filter>
    </ClCompile>
  </ItemGroup>
  <ItemGroup>
    <Filter Include="common">
      <UniqueIdentifier>{b2460f62-e04e-4320-930f-eb96b4e3a22f}</UniqueIdentifier>
    </Filter>
  </ItemGroup>
  <ItemGroup>
    <ResourceCompile Include="cryptsp\cryptsp.rc" />
  </ItemGroup>
  <ItemGroup>
    <None Include="cryptsp\cryptsp.def" />
  </ItemGroup>
  <ItemGroup>
    <ClInclude Include="proxydll.h">
      <Filter>common</Filter>
    </ClInclude>
  </ItemGroup>
  <ItemGroup>
    <MASM Include="cryptsp\cryptsp.asm" />
  </ItemGroup>
</Project>